
Microsoft Visual Studio Solution File, Format Version 12.00
# Visual Studio Version 17
VisualStudioVersion = 17.3.32922.545
MinimumVisualStudioVersion = 10.0.40219.1
Project("{FAE04EC0-301F-11D3-BF4B-00C04F79EFBC}") = "API", "API\API.csproj", "{9177D148-16F4-4DD4-AB70-06D607FDF2A7}"
EndProject
Project("{2150E333-8FDC-42A3-9474-1A3956D46DE8}") = "src", "src", "{1CB0A2D8-9B14-49A3-8839-02BEC5CEBE6F}"
EndProject
Project("{2150E333-8FDC-42A3-9474-1A3956D46DE8}") = "tests", "tests", "{72784242-2095-4544-A57E-986179460012}"
EndProject
Project("{FAE04EC0-301F-11D3-BF4B-00C04F79EFBC}") = "API.Tests", "API.Tests\API.Tests.csproj", "{FD7140B7-B1A7-4700-B7EC-4B84891A27F6}"
EndProject
Global
	GlobalSection(SolutionConfigurationPlatforms) = preSolution
		Debug|Any CPU = Debug|Any CPU
		Release|Any CPU = Release|Any CPU
	EndGlobalSection
	GlobalSection(ProjectConfigurationPlatforms) = postSolution
		{9177D148-16F4-4DD4-AB70-06D607FDF2A7}.Debug|Any CPU.ActiveCfg = Debug|Any CPU
		{9177D148-16F4-4DD4-AB70-06D607FDF2A7}.Debug|Any CPU.Build.0 = Debug|Any CPU
		{9177D148-16F4-4DD4-AB70-06D607FDF2A7}.Release|Any CPU.ActiveCfg = Release|Any CPU
		{9177D148-16F4-4DD4-AB70-06D607FDF2A7}.Release|Any CPU.Build.0 = Release|Any CPU
		{FD7140B7-B1A7-4700-B7EC-4B84891A27F6}.Debug|Any CPU.ActiveCfg = Debug|Any CPU
		{FD7140B7-B1A7-4700-B7EC-4B84891A27F6}.Debug|Any CPU.Build.0 = Debug|Any CPU
		{FD7140B7-B1A7-4700-B7EC-4B84891A27F6}.Release|Any CPU.ActiveCfg = Release|Any CPU
		{FD7140B7-B1A7-4700-B7EC-4B84891A27F6}.Release|Any CPU.Build.0 = Release|Any CPU
	EndGlobalSection
	GlobalSection(SolutionProperties) = preSolution
		HideSolutionNode = FALSE
	EndGlobalSection
	GlobalSection(NestedProjects) = preSolution
		{9177D148-16F4-4DD4-AB70-06D607FDF2A7} = {1CB0A2D8-9B14-49A3-8839-02BEC5CEBE6F}
		{FD7140B7-B1A7-4700-B7EC-4B84891A27F6} = {72784242-2095-4544-A57E-986179460012}
	EndGlobalSection
	GlobalSection(ExtensibilityGlobals) = postSolution
		SolutionGuid = {B507565C-84A9-4A80-9C27-87AD305D3CCA}
	EndGlobalSection
EndGlobal
